// !$*UTF8*$!
{
	archiveVersion = 1;
	classes = {
	};
	objectVersion = 56;
	objects = {

/* Begin PBXBuildFile section */
		41CF42272BB20D7800CEC72D /* AppDelegate.swift in Sources */ = {isa = PBXBuildFile; fileRef = 41CF42262BB20D7800CEC72D /* AppDelegate.swift */; };
		41CF42292BB20D7800CEC72D /* GameScene.sks in Resources */ = {isa = PBXBuildFile; fileRef = 41CF42282BB20D7800CEC72D /* GameScene.sks */; };
		41CF422B2BB20D7800CEC72D /* Actions.sks in Resources */ = {isa = PBXBuildFile; fileRef = 41CF422A2BB20D7800CEC72D /* Actions.sks */; };
		41CF422D2BB20D7800CEC72D /* GameScene.swift in Sources */ = {isa = PBXBuildFile; fileRef = 41CF422C2BB20D7800CEC72D /* GameScene.swift */; };
		41CF422F2BB20D7800CEC72D /* GameViewController.swift in Sources */ = {isa = PBXBuildFile; fileRef = 41CF422E2BB20D7800CEC72D /* GameViewController.swift */; };
		41CF42322BB20D7800CEC72D /* Main.storyboard in Resources */ = {isa = PBXBuildFile; fileRef = 41CF42302BB20D7800CEC72D /* Main.storyboard */; };
		41CF42342BB20D7A00CEC72D /* Assets.xcassets in Resources */ = {isa = PBXBuildFile; fileRef = 41CF42332BB20D7A00CEC72D /* Assets.xcassets */; };
		41CF42372BB20D7A00CEC72D /* LaunchScreen.storyboard in Resources */ = {isa = PBXBuildFile; fileRef = 41CF42352BB20D7A00CEC72D /* LaunchScreen.storyboard */; };
		41CF42412BB20D7B00CEC72D /* DogVSCatTests.swift in Sources */ = {isa = PBXBuildFile; fileRef = 41CF42402BB20D7B00CEC72D /* DogVSCatTests.swift */; };
		41CF424B2BB20D7B00CEC72D /* DogVSCatUITests.swift in Sources */ = {isa = PBXBuildFile; fileRef = 41CF424A2BB20D7B00CEC72D /* DogVSCatUITests.swift */; };
		41CF424D2BB20D7B00CEC72D /* DogVSCatUITestsLaunchTests.swift in Sources */ = {isa = PBXBuildFile; fileRef = 41CF424C2BB20D7B00CEC72D /* DogVSCatUITestsLaunchTests.swift */; };
/* End PBXBuildFile section */

/* Begin PBXContainerItemProxy section */
		41CF423D2BB20D7B00CEC72D /* PBXContainerItemProxy */ = {
			isa = PBXContainerItemProxy;
			containerPortal = 41CF421B2BB20D7800CEC72D /* Project object */;
			proxyType = 1;
			remoteGlobalIDString = 41CF42222BB20D7800CEC72D;
			remoteInfo = DogVSCat;
		};
		41CF42472BB20D7B00CEC72D /* PBXContainerItemProxy */ = {
			isa = PBXContainerItemProxy;
			containerPortal = 41CF421B2BB20D7800CEC72D /* Project object */;
			proxyType = 1;
			remoteGlobalIDString = 41CF42222BB20D7800CEC72D;
			remoteInfo = DogVSCat;
		};
/* End PBXContainerItemProxy section */

/* Begin PBXFileReference section */
		41CF42232BB20D7800CEC72D /* DogVSCat.app */ = {isa = PBXFileReference; explicitFileType = wrapper.application; includeInIndex = 0; path = DogVSCat.app; sourceTree = BUILT_PRODUCTS_DIR; };
		41CF42262BB20D7800CEC72D /* AppDelegate.swift */ = {isa = PBXFileReference; lastKnownFileType = sourcecode.swift; path = AppDelegate.swift; sourceTree = "<group>"; };
		41CF42282BB20D7800CEC72D /* GameScene.sks */ = {isa = PBXFileReference; lastKnownFileType = file.sks; path = GameScene.sks; sourceTree = "<group>"; };
		41CF422A2BB20D7800CEC72D /* Actions.sks */ = {isa = PBXFileReference; lastKnownFileType = file.sks; path = Actions.sks; sourceTree = "<group>"; };
		41CF422C2BB20D7800CEC72D /* GameScene.swift */ = {isa = PBXFileReference; lastKnownFileType = sourcecode.swift; path = GameScene.swift; sourceTree = "<group>"; };
		41CF422E2BB20D7800CEC72D /* GameViewController.swift */ = {isa = PBXFileReference; lastKnownFileType = sourcecode.swift; path = GameViewController.swift; sourceTree = "<group>"; };
		41CF42312BB20D7800CEC72D /* Base */ = {isa = PBXFileReference; lastKnownFileType = file.storyboard; name = Base; path = Base.lproj/Main.storyboard; sourceTree = "<group>"; };
		41CF42332BB20D7A00CEC72D /* Assets.xcassets */ = {isa = PBXFileReference; lastKnownFileType = folder.assetcatalog; path = Assets.xcassets; sourceTree = "<group>"; };
		41CF42362BB20D7A00CEC72D /* Base */ = {isa = PBXFileReference; lastKnownFileType = file.storyboard; name = Base; path = Base.lproj/LaunchScreen.storyboard; sourceTree = "<group>"; };
		41CF423C2BB20D7B00CEC72D /* DogVSCatTests.xctest */ = {isa = PBXFileReference; explicitFileType = wrapper.cfbundle; includeInIndex = 0; path = DogVSCatTests.xctest; sourceTree = BUILT_PRODUCTS_DIR; };
		41CF42402BB20D7B00CEC72D /* DogVSCatTests.swift */ = {isa = PBXFileReference; lastKnownFileType = sourcecode.swift; path = DogVSCatTests.swift; sourceTree = "<group>"; };
		41CF42462BB20D7B00CEC72D /* DogVSCatUITests.xctest */ = {isa = PBXFileReference; explicitFileType = wrapper.cfbundle; includeInIndex = 0; path = DogVSCatUITests.xctest; sourceTree = BUILT_PRODUCTS_DIR; };
		41CF424A2BB20D7B00CEC72D /* DogVSCatUITests.swift */ = {isa = PBXFileReference; lastKnownFileType = sourcecode.swift; path = DogVSCatUITests.swift; sourceTree = "<group>"; };
		41CF424C2BB20D7B00CEC72D /* DogVSCatUITestsLaunchTests.swift */ = {isa = PBXFileReference; lastKnownFileType = sourcecode.swift; path = DogVSCatUITestsLaunchTests.swift; sourceTree = "<group>"; };
/* End PBXFileReference section */

/* Begin PBXFrameworksBuildPhase section */
		41CF42202BB20D7800CEC72D /* Frameworks */ = {
			isa = PBXFrameworksBuildPhase;
			buildActionMask = 2147483647;
			files = (
			);
			runOnlyForDeploymentPostprocessing = 0;
		};
		41CF42392BB20D7B00CEC72D /* Frameworks */ = {
			isa = PBXFrameworksBuildPhase;
			buildActionMask = 2147483647;
			files = (
			);
			runOnlyForDeploymentPostprocessing = 0;
		};
		41CF42432BB20D7B00CEC72D /* Frameworks */ = {
			isa = PBXFrameworksBuildPhase;
			buildActionMask = 2147483647;
			files = (
			);
			runOnlyForDeploymentPostprocessing = 0;
		};
/* End PBXFrameworksBuildPhase section */

/* Begin PBXGroup section */
		41CF421A2BB20D7800CEC72D = {
			isa = PBXGroup;
			children = (
				41CF42252BB20D7800CEC72D /* DogVSCat */,
				41CF423F2BB20D7B00CEC72D /* DogVSCatTests */,
				41CF42492BB20D7B00CEC72D /* DogVSCatUITests */,
				41CF42242BB20D7800CEC72D /* Products */,
			);
			sourceTree = "<group>";
		};
		41CF42242BB20D7800CEC72D /* Products */ = {
			isa = PBXGroup;
			children = (
				41CF42232BB20D7800CEC72D /* DogVSCat.app */,
				41CF423C2BB20D7B00CEC72D /* DogVSCatTests.xctest */,
				41CF42462BB20D7B00CEC72D /* DogVSCatUITests.xctest */,
			);
			name = Products;
			sourceTree = "<group>";
		};
		41CF42252BB20D7800CEC72D /* DogVSCat */ = {
			isa = PBXGroup;
			children = (
				41CF42262BB20D7800CEC72D /* AppDelegate.swift */,
				41CF42282BB20D7800CEC72D /* GameScene.sks */,
				41CF422A2BB20D7800CEC72D /* Actions.sks */,
				41CF422C2BB20D7800CEC72D /* GameScene.swift */,
				41CF422E2BB20D7800CEC72D /* GameViewController.swift */,
				41CF42302BB20D7800CEC72D /* Main.storyboard */,
				41CF42332BB20D7A00CEC72D /* Assets.xcassets */,
				41CF42352BB20D7A00CEC72D /* LaunchScreen.storyboard */,
			);
			path = DogVSCat;
			sourceTree = "<group>";
		};
		41CF423F2BB20D7B00CEC72D /* DogVSCatTests */ = {
			isa = PBXGroup;
			children = (
				41CF42402BB20D7B00CEC72D /* DogVSCatTests.swift */,
			);
			path = DogVSCatTests;
			sourceTree = "<group>";
		};
		41CF42492BB20D7B00CEC72D /* DogVSCatUITests */ = {
			isa = PBXGroup;
			children = (
				41CF424A2BB20D7B00CEC72D /* DogVSCatUITests.swift */,
				41CF424C2BB20D7B00CEC72D /* DogVSCatUITestsLaunchTests.swift */,
			);
			path = DogVSCatUITests;
			sourceTree = "<group>";
		};
/* End PBXGroup section */

/* Begin PBXNativeTarget section */
		41CF42222BB20D7800CEC72D /* DogVSCat */ = {
			isa = PBXNativeTarget;
			buildConfigurationList = 41CF42502BB20D7B00CEC72D /* Build configuration list for PBXNativeTarget "DogVSCat" */;
			buildPhases = (
				41CF421F2BB20D7800CEC72D /* Sources */,
				41CF42202BB20D7800CEC72D /* Frameworks */,
				41CF42212BB20D7800CEC72D /* Resources */,
			);
			buildRules = (
			);
			dependencies = (
			);
			name = DogVSCat;
			productName = DogVSCat;
			productReference = 41CF42232BB20D7800CEC72D /* DogVSCat.app */;
			productType = "com.apple.product-type.application";
		};
		41CF423B2BB20D7B00CEC72D /* DogVSCatTests */ = {
			isa = PBXNativeTarget;
			buildConfigurationList = 41CF42532BB20D7B00CEC72D /* Build configuration list for PBXNativeTarget "DogVSCatTests" */;
			buildPhases = (
				41CF42382BB20D7B00CEC72D /* Sources */,
				41CF42392BB20D7B00CEC72D /* Frameworks */,
				41CF423A2BB20D7B00CEC72D /* Resources */,
			);
			buildRules = (
			);
			dependencies = (
				41CF423E2BB20D7B00CEC72D /* PBXTargetDependency */,
			);
			name = DogVSCatTests;
			productName = DogVSCatTests;
			productReference = 41CF423C2BB20D7B00CEC72D /* DogVSCatTests.xctest */;
			productType = "com.apple.product-type.bundle.unit-test";
		};
		41CF42452BB20D7B00CEC72D /* DogVSCatUITests */ = {
			isa = PBXNativeTarget;
			buildConfigurationList = 41CF42562BB20D7B00CEC72D /* Build configuration list for PBXNativeTarget "DogVSCatUITests" */;
			buildPhases = (
				41CF42422BB20D7B00CEC72D /* Sources */,
				41CF42432BB20D7B00CEC72D /* Frameworks */,
				41CF42442BB20D7B00CEC72D /* Resources */,
			);
			buildRules = (
			);
			dependencies = (
				41CF42482BB20D7B00CEC72D /* PBXTargetDependency */,
			);
			name = DogVSCatUITests;
			productName = DogVSCatUITests;
			productReference = 41CF42462BB20D7B00CEC72D /* DogVSCatUITests.xctest */;
			productType = "com.apple.product-type.bundle.ui-testing";
		};
/* End PBXNativeTarget section */

/* Begin PBXProject section */
		41CF421B2BB20D7800CEC72D /* Project object */ = {
			isa = PBXProject;
			attributes = {
				BuildIndependentTargetsInParallel = 1;
				LastSwiftUpdateCheck = 1500;
				LastUpgradeCheck = 1500;
				TargetAttributes = {
					41CF42222BB20D7800CEC72D = {
						CreatedOnToolsVersion = 15.0;
					};
					41CF423B2BB20D7B00CEC72D = {
						CreatedOnToolsVersion = 15.0;
						TestTargetID = 41CF42222BB20D7800CEC72D;
					};
					41CF42452BB20D7B00CEC72D = {
						CreatedOnToolsVersion = 15.0;
						TestTargetID = 41CF42222BB20D7800CEC72D;
					};
				};
			};
			buildConfigurationList = 41CF421E2BB20D7800CEC72D /* Build configuration list for PBXProject "DogVSCat" */;
			compatibilityVersion = "Xcode 14.0";
			developmentRegion = en;
			hasScannedForEncodings = 0;
			knownRegions = (
				en,
				Base,
			);
			mainGroup = 41CF421A2BB20D7800CEC72D;
			productRefGroup = 41CF42242BB20D7800CEC72D /* Products */;
			projectDirPath = "";
			projectRoot = "";
			targets = (
				41CF42222BB20D7800CEC72D /* DogVSCat */,
				41CF423B2BB20D7B00CEC72D /* DogVSCatTests */,
				41CF42452BB20D7B00CEC72D /* DogVSCatUITests */,
			);
		};
/* End PBXProject section */

/* Begin PBXResourcesBuildPhase section */
		41CF42212BB20D7800CEC72D /* Resources */ = {
			isa = PBXResourcesBuildPhase;
			buildActionMask = 2147483647;
			files = (
				41CF42322BB20D7800CEC72D /* Main.storyboard in Resources */,
				41CF42292BB20D7800CEC72D /* GameScene.sks in Resources */,
				41CF42342BB20D7A00CEC72D /* Assets.xcassets in Resources */,
				41CF42372BB20D7A00CEC72D /* LaunchScreen.storyboard in Resources */,
				41CF422B2BB20D7800CEC72D /* Actions.sks in Resources */,
			);
			runOnlyForDeploymentPostprocessing = 0;
		};
		41CF423A2BB20D7B00CEC72D /* Resources */ = {
			isa = PBXResourcesBuildPhase;
			buildActionMask = 2147483647;
			files = (
			);
			runOnlyForDeploymentPostprocessing = 0;
		};
		41CF42442BB20D7B00CEC72D /* Resources */ = {
			isa = PBXResourcesBuildPhase;
			buildActionMask = 2147483647;
			files = (
			);
			runOnlyForDeploymentPostprocessing = 0;
		};
/* End PBXResourcesBuildPhase section */

/* Begin PBXSourcesBuildPhase section */
		41CF421F2BB20D7800CEC72D /* Sources */ = {
			isa = PBXSourcesBuildPhase;
			buildActionMask = 2147483647;
			files = (
				41CF422D2BB20D7800CEC72D /* GameScene.swift in Sources */,
				41CF422F2BB20D7800CEC72D /* GameViewController.swift in Sources */,
				41CF42272BB20D7800CEC72D /* AppDelegate.swift in Sources */,
			);
			runOnlyForDeploymentPostprocessing = 0;
		};
		41CF42382BB20D7B00CEC72D /* Sources */ = {
			isa = PBXSourcesBuildPhase;
			buildActionMask = 2147483647;
			files = (
				41CF42412BB20D7B00CEC72D /* DogVSCatTests.swift in Sources */,
			);
			runOnlyForDeploymentPostprocessing = 0;
		};
		41CF42422BB20D7B00CEC72D /* Sources */ = {
			isa = PBXSourcesBuildPhase;
			buildActionMask = 2147483647;
			files = (
				41CF424D2BB20D7B00CEC72D /* DogVSCatUITestsLaunchTests.swift in Sources */,
				41CF424B2BB20D7B00CEC72D /* DogVSCatUITests.swift in Sources */,
			);
			runOnlyForDeploymentPostprocessing = 0;
		};
/* End PBXSourcesBuildPhase section */

/* Begin PBXTargetDependency section */
		41CF423E2BB20D7B00CEC72D /* PBXTargetDependency */ = {
			isa = PBXTargetDependency;
			target = 41CF42222BB20D7800CEC72D /* DogVSCat */;
			targetProxy = 41CF423D2BB20D7B00CEC72D /* PBXContainerItemProxy */;
		};
		41CF42482BB20D7B00CEC72D /* PBXTargetDependency */ = {
			isa = PBXTargetDependency;
			target = 41CF42222BB20D7800CEC72D /* DogVSCat */;
			targetProxy = 41CF42472BB20D7B00CEC72D /* PBXContainerItemProxy */;
		};
/* End PBXTargetDependency section */

/* Begin PBXVariantGroup section */
		41CF42302BB20D7800CEC72D /* Main.storyboard */ = {
			isa = PBXVariantGroup;
			children = (
				41CF42312BB20D7800CEC72D /* Base */,
			);
			name = Main.storyboard;
			sourceTree = "<group>";
		};
		41CF42352BB20D7A00CEC72D /* LaunchScreen.storyboard */ = {
			isa = PBXVariantGroup;
			children = (
				41CF42362BB20D7A00CEC72D /* Base */,
			);
			name = LaunchScreen.storyboard;
			sourceTree = "<group>";
		};
/* End PBXVariantGroup section */

/* Begin XCBuildConfiguration section */
		41CF424E2BB20D7B00CEC72D /* Debug */ = {
			isa = XCBuildConfiguration;
			buildSettings = {
				ALWAYS_SEARCH_USER_PATHS = NO;
				ASSETCATALOG_COMPILER_GENERATE_SWIFT_ASSET_SYMBOL_EXTENSIONS = YES;
				CLANG_ANALYZER_NONNULL = YES;
				CLANG_ANALYZER_NUMBER_OBJECT_CONVERSION = YES_AGGRESSIVE;
				CLANG_CXX_LANGUAGE_STANDARD = "gnu++20";
				CLANG_ENABLE_MODULES = YES;
				CLANG_ENABLE_OBJC_ARC = YES;
				CLANG_ENABLE_OBJC_WEAK = YES;
				CLANG_WARN_BLOCK_CAPTURE_AUTORELEASING = YES;
				CLANG_WARN_BOOL_CONVERSION = YES;
				CLANG_WARN_COMMA = YES;
				CLANG_WARN_CONSTANT_CONVERSION = YES;
				CLANG_WARN_DEPRECATED_OBJC_IMPLEMENTATIONS = YES;
				CLANG_WARN_DIRECT_OBJC_ISA_USAGE = YES_ERROR;
				CLANG_WARN_DOCUMENTATION_COMMENTS = YES;
				CLANG_WARN_EMPTY_BODY = YES;
				CLANG_WARN_ENUM_CONVERSION = YES;
				CLANG_WARN_INFINITE_RECURSION = YES;
				CLANG_WARN_INT_CONVERSION = YES;
				CLANG_WARN_NON_LITERAL_NULL_CONVERSION = YES;
				CLANG_WARN_OBJC_IMPLICIT_RETAIN_SELF = YES;
				CLANG_WARN_OBJC_LITERAL_CONVERSION = YES;
				CLANG_WARN_OBJC_ROOT_CLASS = YES_ERROR;
				CLANG_WARN_QUOTED_INCLUDE_IN_FRAMEWORK_HEADER = YES;
				CLANG_WARN_RANGE_LOOP_ANALYSIS = YES;
				CLANG_WARN_STRICT_PROTOTYPES = YES;
				CLANG_WARN_SUSPICIOUS_MOVE = YES;
				CLANG_WARN_UNGUARDED_AVAILABILITY = YES_AGGRESSIVE;
				CLANG_WARN_UNREACHABLE_CODE = YES;
				CLANG_WARN__DUPLICATE_METHOD_MATCH = YES;
				COPY_PHASE_STRIP = NO;
				DEBUG_INFORMATION_FORMAT = dwarf;
				ENABLE_STRICT_OBJC_MSGSEND = YES;
				ENABLE_TESTABILITY = YES;
				ENABLE_USER_SCRIPT_SANDBOXING = YES;
				GCC_C_LANGUAGE_STANDARD = gnu17;
				GCC_DYNAMIC_NO_PIC = NO;
				GCC_NO_COMMON_BLOCKS = YES;
				GCC_OPTIMIZATION_LEVEL = 0;
				GCC_PREPROCESSOR_DEFINITIONS = (
					"DEBUG=1",
					"$(inherited)",
				);
				GCC_WARN_64_TO_32_BIT_CONVERSION = YES;
				GCC_WARN_ABOUT_RETURN_TYPE = YES_ERROR;
				GCC_WARN_UNDECLARED_SELECTOR = YES;
				GCC_WARN_UNINITIALIZED_AUTOS = YES_AGGRESSIVE;
				GCC_WARN_UNUSED_FUNCTION = YES;
				GCC_WARN_UNUSED_VARIABLE = YES;
				IPHONEOS_DEPLOYMENT_TARGET = 17.0;
				LOCALIZATION_PREFERS_STRING_CATALOGS = YES;
				MTL_ENABLE_DEBUG_INFO = INCLUDE_SOURCE;
				MTL_FAST_MATH = YES;
				ONLY_ACTIVE_ARCH = YES;
				SDKROOT = iphoneos;
				SWIFT_ACTIVE_COMPILATION_CONDITIONS = "DEBUG $(inherited)";
				SWIFT_OPTIMIZATION_LEVEL = "-Onone";
			};
			name = Debug;
		};
		41CF424F2BB20D7B00CEC72D /* Release */ = {
			isa = XCBuildConfiguration;
			buildSettings = {
				ALWAYS_SEARCH_USER_PATHS = NO;
				ASSETCATALOG_COMPILER_GENERATE_SWIFT_ASSET_SYMBOL_EXTENSIONS = YES;
				CLANG_ANALYZER_NONNULL = YES;
				CLANG_ANALYZER_NUMBER_OBJECT_CONVERSION = YES_AGGRESSIVE;
				CLANG_CXX_LANGUAGE_STANDARD = "gnu++20";
				CLANG_ENABLE_MODULES = YES;
				CLANG_ENABLE_OBJC_ARC = YES;
				CLANG_ENABLE_OBJC_WEAK = YES;
				CLANG_WARN_BLOCK_CAPTURE_AUTORELEASING = YES;
				CLANG_WARN_BOOL_CONVERSION = YES;
				CLANG_WARN_COMMA = YES;
				CLANG_WARN_CONSTANT_CONVERSION = YES;
				CLANG_WARN_DEPRECATED_OBJC_IMPLEMENTATIONS = YES;
				CLANG_WARN_DIRECT_OBJC_ISA_USAGE = YES_ERROR;
				CLANG_WARN_DOCUMENTATION_COMMENTS = YES;
				CLANG_WARN_EMPTY_BODY = YES;
				CLANG_WARN_ENUM_CONVERSION = YES;
				CLANG_WARN_INFINITE_RECURSION = YES;
				CLANG_WARN_INT_CONVERSION = YES;
				CLANG_WARN_NON_LITERAL_NULL_CONVERSION = YES;
				CLANG_WARN_OBJC_IMPLICIT_RETAIN_SELF = YES;
				CLANG_WARN_OBJC_LITERAL_CONVERSION = YES;
				CLANG_WARN_OBJC_ROOT_CLASS = YES_ERROR;
				CLANG_WARN_QUOTED_INCLUDE_IN_FRAMEWORK_HEADER = YES;
				CLANG_WARN_RANGE_LOOP_ANALYSIS = YES;
				CLANG_WARN_STRICT_PROTOTYPES = YES;
				CLANG_WARN_SUSPICIOUS_MOVE = YES;
				CLANG_WARN_UNGUARDED_AVAILABILITY = YES_AGGRESSIVE;
				CLANG_WARN_UNREACHABLE_CODE = YES;
				CLANG_WARN__DUPLICATE_METHOD_MATCH = YES;
				COPY_PHASE_STRIP = NO;
				DEBUG_INFORMATION_FORMAT = "dwarf-with-dsym";
				ENABLE_NS_ASSERTIONS = NO;
				ENABLE_STRICT_OBJC_MSGSEND = YES;
				ENABLE_USER_SCRIPT_SANDBOXING = YES;
				GCC_C_LANGUAGE_STANDARD = gnu17;
				GCC_NO_COMMON_BLOCKS = YES;
				GCC_WARN_64_TO_32_BIT_CONVERSION = YES;
				GCC_WARN_ABOUT_RETURN_TYPE = YES_ERROR;
				GCC_WARN_UNDECLARED_SELECTOR = YES;
				GCC_WARN_UNINITIALIZED_AUTOS = YES_AGGRESSIVE;
				GCC_WARN_UNUSED_FUNCTION = YES;
				GCC_WARN_UNUSED_VARIABLE = YES;
				IPHONEOS_DEPLOYMENT_TARGET = 17.0;
				LOCALIZATION_PREFERS_STRING_CATALOGS = YES;
				MTL_ENABLE_DEBUG_INFO = NO;
				MTL_FAST_MATH = YES;
				SDKROOT = iphoneos;
				SWIFT_COMPILATION_MODE = wholemodule;
				VALIDATE_PRODUCT = YES;
			};
			name = Release;
		};
		41CF42512BB20D7B00CEC72D /* Debug */ = {
			isa = XCBuildConfiguration;
			buildSettings = {
				ASSETCATALOG_COMPILER_APPICON_NAME = AppIcon;
				ASSETCATALOG_COMPILER_GLOBAL_ACCENT_COLOR_NAME = AccentColor;
				CODE_SIGN_STYLE = Automatic;
				CURRENT_PROJECT_VERSION = 1;
				DEVELOPMENT_TEAM = 6NY9FW26C6;
				GENERATE_INFOPLIST_FILE = YES;
				INFOPLIST_KEY_UIApplicationSupportsIndirectInputEvents = YES;
				INFOPLIST_KEY_UILaunchStoryboardName = LaunchScreen;
				INFOPLIST_KEY_UIMainStoryboardFile = Main;
				INFOPLIST_KEY_UIStatusBarHidden = YES;
				INFOPLIST_KEY_UISupportedInterfaceOrientations_iPad = "UIInterfaceOrientationPortrait UIInterfaceOrientationPortraitUpsideDown UIInterfaceOrientationLandscapeLeft UIInterfaceOrientationLandscapeRight";
				INFOPLIST_KEY_UISupportedInterfaceOrientations_iPhone = "UIInterfaceOrientationPortrait UIInterfaceOrientationLandscapeLeft UIInterfaceOrientationLandscapeRight";
				LD_RUNPATH_SEARCH_PATHS = (
					"$(inherited)",
					"@executable_path/Frameworks",
				);
				MARKETING_VERSION = 1.0;
				PRODUCT_BUNDLE_IDENTIFIER = naomi.com.dois.i.DogVSCat;
				PRODUCT_NAME = "$(TARGET_NAME)";
				SWIFT_EMIT_LOC_STRINGS = YES;
				SWIFT_VERSION = 5.0;
				TARGETED_DEVICE_FAMILY = "1,2";
			};
			name = Debug;
		};
		41CF42522BB20D7B00CEC72D /* Release */ = {
			isa = XCBuildConfiguration;
			buildSettings = {
				ASSETCATALOG_COMPILER_APPICON_NAME = AppIcon;
				ASSETCATALOG_COMPILER_GLOBAL_ACCENT_COLOR_NAME = AccentColor;
				CODE_SIGN_STYLE = Automatic;
				CURRENT_PROJECT_VERSION = 1;
				DEVELOPMENT_TEAM = 6NY9FW26C6;
				GENERATE_INFOPLIST_FILE = YES;
				INFOPLIST_KEY_UIApplicationSupportsIndirectInputEvents = YES;
				INFOPLIST_KEY_UILaunchStoryboardName = LaunchScreen;
				INFOPLIST_KEY_UIMainStoryboardFile = Main;
				INFOPLIST_KEY_UIStatusBarHidden = YES;
				INFOPLIST_KEY_UISupportedInterfaceOrientations_iPad = "UIInterfaceOrientationPortrait UIInterfaceOrientationPortraitUpsideDown UIInterfaceOrientationLandscapeLeft UIInterfaceOrientationLandscapeRight";
				INFOPLIST_KEY_UISupportedInterfaceOrientations_iPhone = "UIInterfaceOrientationPortrait UIInterfaceOrientationLandscapeLeft UIInterfaceOrientationLandscapeRight";
				LD_RUNPATH_SEARCH_PATHS = (
					"$(inherited)",
					"@executable_path/Frameworks",
				);
				MARKETING_VERSION = 1.0;
				PRODUCT_BUNDLE_IDENTIFIER = naomi.com.dois.i.DogVSCat;
				PRODUCT_NAME = "$(TARGET_NAME)";
				SWIFT_EMIT_LOC_STRINGS = YES;
				SWIFT_VERSION = 5.0;
				TARGETED_DEVICE_FAMILY = "1,2";
			};
			name = Release;
		};
		41CF42542BB20D7B00CEC72D /* Debug */ = {
			isa = XCBuildConfiguration;
			buildSettings = {
				ALWAYS_EMBED_SWIFT_STANDARD_LIBRARIES = YES;
				BUNDLE_LOADER = "$(TEST_HOST)";
				CODE_SIGN_STYLE = Automatic;
				CURRENT_PROJECT_VERSION = 1;
				DEVELOPMENT_TEAM = 6NY9FW26C6;
				GENERATE_INFOPLIST_FILE = YES;
				IPHONEOS_DEPLOYMENT_TARGET = 17.0;
				MARKETING_VERSION = 1.0;
				PRODUCT_BUNDLE_IDENTIFIER = naomi.com.dois.i.DogVSCatTests;
				PRODUCT_NAME = "$(TARGET_NAME)";
				SWIFT_EMIT_LOC_STRINGS = NO;
				SWIFT_VERSION = 5.0;
				TARGETED_DEVICE_FAMILY = "1,2";
				TEST_HOST = "$(BUILT_PRODUCTS_DIR)/DogVSCat.app/$(BUNDLE_EXECUTABLE_FOLDER_PATH)/DogVSCat";
			};
			name = Debug;
		};
		41CF42552BB20D7B00CEC72D /* Release */ = {
			isa = XCBuildConfiguration;
			buildSettings = {
				ALWAYS_EMBED_SWIFT_STANDARD_LIBRARIES = YES;
				BUNDLE_LOADER = "$(TEST_HOST)";
				CODE_SIGN_STYLE = Automatic;
				CURRENT_PROJECT_VERSION = 1;
				DEVELOPMENT_TEAM = 6NY9FW26C6;
				GENERATE_INFOPLIST_FILE = YES;
				IPHONEOS_DEPLOYMENT_TARGET = 17.0;
				MARKETING_VERSION = 1.0;
				PRODUCT_BUNDLE_IDENTIFIER = naomi.com.dois.i.DogVSCatTests;
				PRODUCT_NAME = "$(TARGET_NAME)";
				SWIFT_EMIT_LOC_STRINGS = NO;
				SWIFT_VERSION = 5.0;
				TARGETED_DEVICE_FAMILY = "1,2";
				TEST_HOST = "$(BUILT_PRODUCTS_DIR)/DogVSCat.app/$(BUNDLE_EXECUTABLE_FOLDER_PATH)/DogVSCat";
			};
			name = Release;
		};
		41CF42572BB20D7B00CEC72D /* Debug */ = {
			isa = XCBuildConfiguration;
			buildSettings = {
				ALWAYS_EMBED_SWIFT_STANDARD_LIBRARIES = YES;
				CODE_SIGN_STYLE = Automatic;
				CURRENT_PROJECT_VERSION = 1;
				DEVELOPMENT_TEAM = 6NY9FW26C6;
				GENERATE_INFOPLIST_FILE = YES;
				MARKETING_VERSION = 1.0;
				PRODUCT_BUNDLE_IDENTIFIER = naomi.com.dois.i.DogVSCatUITests;
				PRODUCT_NAME = "$(TARGET_NAME)";
				SWIFT_EMIT_LOC_STRINGS = NO;
				SWIFT_VERSION = 5.0;
				TARGETED_DEVICE_FAMILY = "1,2";
				TEST_TARGET_NAME = DogVSCat;
			};
			name = Debug;
		};
		41CF42582BB20D7B00CEC72D /* Release */ = {
			isa = XCBuildConfiguration;
			buildSettings = {
				ALWAYS_EMBED_SWIFT_STANDARD_LIBRARIES = YES;
				CODE_SIGN_STYLE = Automatic;
				CURRENT_PROJECT_VERSION = 1;
				DEVELOPMENT_TEAM = 6NY9FW26C6;
				GENERATE_INFOPLIST_FILE = YES;
				MARKETING_VERSION = 1.0;
				PRODUCT_BUNDLE_IDENTIFIER = naomi.com.dois.i.DogVSCatUITests;
				PRODUCT_NAME = "$(TARGET_NAME)";
				SWIFT_EMIT_LOC_STRINGS = NO;
				SWIFT_VERSION = 5.0;
				TARGETED_DEVICE_FAMILY = "1,2";
				TEST_TARGET_NAME = DogVSCat;
			};
			name = Release;
		};
/* End XCBuildConfiguration section */

/* Begin XCConfigurationList section */
		41CF421E2BB20D7800CEC72D /* Build configuration list for PBXProject "DogVSCat" */ = {
			isa = XCConfigurationList;
			buildConfigurations = (
				41CF424E2BB20D7B00CEC72D /* Debug */,
				41CF424F2BB20D7B00CEC72D /* Release */,
			);
			defaultConfigurationIsVisible = 0;
			defaultConfigurationName = Release;
		};
		41CF42502BB20D7B00CEC72D /* Build configuration list for PBXNativeTarget "DogVSCat" */ = {
			isa = XCConfigurationList;
			buildConfigurations = (
				41CF42512BB20D7B00CEC72D /* Debug */,
				41CF42522BB20D7B00CEC72D /* Release */,
			);
			defaultConfigurationIsVisible = 0;
			defaultConfigurationName = Release;
		};
		41CF42532BB20D7B00CEC72D /* Build configuration list for PBXNativeTarget "DogVSCatTests" */ = {
			isa = XCConfigurationList;
			buildConfigurations = (
				41CF42542BB20D7B00CEC72D /* Debug */,
				41CF42552BB20D7B00CEC72D /* Release */,
			);
			defaultConfigurationIsVisible = 0;
			defaultConfigurationName = Release;
		};
		41CF42562BB20D7B00CEC72D /* Build configuration list for PBXNativeTarget "DogVSCatUITests" */ = {
			isa = XCConfigurationList;
			buildConfigurations = (
				41CF42572BB20D7B00CEC72D /* Debug */,
				41CF42582BB20D7B00CEC72D /* Release */,
			);
			defaultConfigurationIsVisible = 0;
			defaultConfigurationName = Release;
		};
/* End XCConfigurationList section */
	};
	rootObject = 41CF421B2BB20D7800CEC72D /* Project object */;
}
